
Microsoft Visual Studio Solution File, Format Version 12.00
# Visual Studio 15
Project("{FAE04EC0-301F-11D3-BF4B-00C04F79EFBC}") = "Assembly-CSharp", "Assembly-CSharp.csproj", "{07C4C623-2B2D-E671-2F51-B678B0722080}"
EndProject
Project("{FAE04EC0-301F-11D3-BF4B-00C04F79EFBC}") = "Assembly-CSharp-firstpass", "Assembly-CSharp-firstpass.csproj", "{330D67A4-C7F0-BD4D-FFE3-6127D37BC3BA}"
EndProject
Project("{FAE04EC0-301F-11D3-BF4B-00C04F79EFBC}") = "Assembly-CSharp-Editor-firstpass", "Assembly-CSharp-Editor-firstpass.csproj", "{92BFE2D6-B00B-6055-10C6-5C1CC920BBDD}"
EndProject
Global
	GlobalSection(SolutionConfigurationPlatforms) = preSolution
		Debug|Any CPU = Debug|Any CPU
		Release|Any CPU = Release|Any CPU
	EndGlobalSection
	GlobalSection(ProjectConfigurationPlatforms) = postSolution
		{07C4C623-2B2D-E671-2F51-B678B0722080}.Debug|Any CPU.ActiveCfg = Debug|Any CPU
		{07C4C623-2B2D-E671-2F51-B678B0722080}.Debug|Any CPU.Build.0 = Debug|Any CPU
		{07C4C623-2B2D-E671-2F51-B678B0722080}.Release|Any CPU.ActiveCfg = Release|Any CPU
		{07C4C623-2B2D-E671-2F51-B678B0722080}.Release|Any CPU.Build.0 = Release|Any CPU
		{330D67A4-C7F0-BD4D-FFE3-6127D37BC3BA}.Debug|Any CPU.ActiveCfg = Debug|Any CPU
		{330D67A4-C7F0-BD4D-FFE3-6127D37BC3BA}.Debug|Any CPU.Build.0 = Debug|Any CPU
		{330D67A4-C7F0-BD4D-FFE3-6127D37BC3BA}.Release|Any CPU.ActiveCfg = Release|Any CPU
		{330D67A4-C7F0-BD4D-FFE3-6127D37BC3BA}.Release|Any CPU.Build.0 = Release|Any CPU
		{92BFE2D6-B00B-6055-10C6-5C1CC920BBDD}.Debug|Any CPU.ActiveCfg = Debug|Any CPU
		{92BFE2D6-B00B-6055-10C6-5C1CC920BBDD}.Debug|Any CPU.Build.0 = Debug|Any CPU
		{92BFE2D6-B00B-6055-10C6-5C1CC920BBDD}.Release|Any CPU.ActiveCfg = Release|Any CPU
		{92BFE2D6-B00B-6055-10C6-5C1CC920BBDD}.Release|Any CPU.Build.0 = Release|Any CPU
	EndGlobalSection
	GlobalSection(SolutionProperties) = preSolution
		HideSolutionNode = FALSE
	EndGlobalSection
EndGlobal
